// !$*UTF8*$!
{
	archiveVersion = 1;
	classes = {
	};
	objectVersion = 50;
	objects = {

/* Begin PBXBuildFile section */
		AC9BA5A8226F580600E61EEA /* HomeTableViewCell.swift in Sources */ = {isa = PBXBuildFile; fileRef = AC9BA5A6226F580600E61EEA /* HomeTableViewCell.swift */; };
		AC9BA5A9226F580600E61EEA /* HomeTableViewCell.xib in Resources */ = {isa = PBXBuildFile; fileRef = AC9BA5A7226F580600E61EEA /* HomeTableViewCell.xib */; };
		AC9BA5AF226F595F00E61EEA /* MenuTableViewCell.swift in Sources */ = {isa = PBXBuildFile; fileRef = AC9BA5AD226F595F00E61EEA /* MenuTableViewCell.swift */; };
		AC9BA5B0226F595F00E61EEA /* MenuTableViewCell.xib in Resources */ = {isa = PBXBuildFile; fileRef = AC9BA5AE226F595F00E61EEA /* MenuTableViewCell.xib */; };
		AC9BA5B3226F5E3C00E61EEA /* HomeViewModel.swift in Sources */ = {isa = PBXBuildFile; fileRef = AC9BA5B2226F5E3C00E61EEA /* HomeViewModel.swift */; };
		AC9BA5B6226F5E6A00E61EEA /* ImsaData.json in Resources */ = {isa = PBXBuildFile; fileRef = AC9BA5B5226F5E6A00E61EEA /* ImsaData.json */; };
		AC9BA5B8226F5E9A00E61EEA /* RequestModel.swift in Sources */ = {isa = PBXBuildFile; fileRef = AC9BA5B7226F5E9A00E61EEA /* RequestModel.swift */; };
		AC9BA5BB226F5ECC00E61EEA /* EventsModel.swift in Sources */ = {isa = PBXBuildFile; fileRef = AC9BA5BA226F5ECC00E61EEA /* EventsModel.swift */; };
		AC9BA5BD226F75B500E61EEA /* MenuModel.swift in Sources */ = {isa = PBXBuildFile; fileRef = AC9BA5BC226F75B400E61EEA /* MenuModel.swift */; };
		AC9DEA8B226774A600A854E7 /* AppDelegate.swift in Sources */ = {isa = PBXBuildFile; fileRef = AC9DEA8A226774A600A854E7 /* AppDelegate.swift */; };
		AC9DEA92226774A700A854E7 /* Assets.xcassets in Resources */ = {isa = PBXBuildFile; fileRef = AC9DEA91226774A700A854E7 /* Assets.xcassets */; };
		AC9DEA95226774A700A854E7 /* LaunchScreen.storyboard in Resources */ = {isa = PBXBuildFile; fileRef = AC9DEA93226774A700A854E7 /* LaunchScreen.storyboard */; };
		AC9DEA9E226779B900A854E7 /* MenuViewController.swift in Sources */ = {isa = PBXBuildFile; fileRef = AC9DEA9C226779B900A854E7 /* MenuViewController.swift */; };
		AC9DEA9F226779B900A854E7 /* MenuViewController.xib in Resources */ = {isa = PBXBuildFile; fileRef = AC9DEA9D226779B900A854E7 /* MenuViewController.xib */; };
		AC9DEAA4226779E700A854E7 /* HomeViewController.swift in Sources */ = {isa = PBXBuildFile; fileRef = AC9DEAA2226779E700A854E7 /* HomeViewController.swift */; };
		AC9DEAA5226779E700A854E7 /* HomeViewController.xib in Resources */ = {isa = PBXBuildFile; fileRef = AC9DEAA3226779E700A854E7 /* HomeViewController.xib */; };
		AC9DEAA822677A0200A854E7 /* ContainerViewController.swift in Sources */ = {isa = PBXBuildFile; fileRef = AC9DEAA722677A0200A854E7 /* ContainerViewController.swift */; };
/* End PBXBuildFile section */

/* Begin PBXFileReference section */
		AC9BA5A6226F580600E61EEA /* HomeTableViewCell.swift */ = {isa = PBXFileReference; lastKnownFileType = sourcecode.swift; path = HomeTableViewCell.swift; sourceTree = "<group>"; };
		AC9BA5A7226F580600E61EEA /* HomeTableViewCell.xib */ = {isa = PBXFileReference; lastKnownFileType = file.xib; path = HomeTableViewCell.xib; sourceTree = "<group>"; };
		AC9BA5AD226F595F00E61EEA /* MenuTableViewCell.swift */ = {isa = PBXFileReference; lastKnownFileType = sourcecode.swift; path = MenuTableViewCell.swift; sourceTree = "<group>"; };
		AC9BA5AE226F595F00E61EEA /* MenuTableViewCell.xib */ = {isa = PBXFileReference; lastKnownFileType = file.xib; path = MenuTableViewCell.xib; sourceTree = "<group>"; };
		AC9BA5B2226F5E3C00E61EEA /* HomeViewModel.swift */ = {isa = PBXFileReference; lastKnownFileType = sourcecode.swift; path = HomeViewModel.swift; sourceTree = "<group>"; };
		AC9BA5B5226F5E6A00E61EEA /* ImsaData.json */ = {isa = PBXFileReference; fileEncoding = 4; lastKnownFileType = text.json; path = ImsaData.json; sourceTree = "<group>"; };
		AC9BA5B7226F5E9A00E61EEA /* RequestModel.swift */ = {isa = PBXFileReference; lastKnownFileType = sourcecode.swift; path = RequestModel.swift; sourceTree = "<group>"; };
		AC9BA5BA226F5ECC00E61EEA /* EventsModel.swift */ = {isa = PBXFileReference; lastKnownFileType = sourcecode.swift; path = EventsModel.swift; sourceTree = "<group>"; };
		AC9BA5BC226F75B400E61EEA /* MenuModel.swift */ = {isa = PBXFileReference; lastKnownFileType = sourcecode.swift; path = MenuModel.swift; sourceTree = "<group>"; };
		AC9DEA87226774A600A854E7 /* menuChallengeWithNibs.app */ = {isa = PBXFileReference; explicitFileType = wrapper.application; includeInIndex = 0; path = menuChallengeWithNibs.app; sourceTree = BUILT_PRODUCTS_DIR; };
		AC9DEA8A226774A600A854E7 /* AppDelegate.swift */ = {isa = PBXFileReference; lastKnownFileType = sourcecode.swift; path = AppDelegate.swift; sourceTree = "<group>"; };
		AC9DEA91226774A700A854E7 /* Assets.xcassets */ = {isa = PBXFileReference; lastKnownFileType = folder.assetcatalog; path = Assets.xcassets; sourceTree = "<group>"; };
		AC9DEA94226774A700A854E7 /* Base */ = {isa = PBXFileReference; lastKnownFileType = file.storyboard; name = Base; path = Base.lproj/LaunchScreen.storyboard; sourceTree = "<group>"; };
		AC9DEA96226774A700A854E7 /* Info.plist */ = {isa = PBXFileReference; lastKnownFileType = text.plist.xml; path = Info.plist; sourceTree = "<group>"; };
		AC9DEA9C226779B900A854E7 /* MenuViewController.swift */ = {isa = PBXFileReference; lastKnownFileType = sourcecode.swift; path = MenuViewController.swift; sourceTree = "<group>"; };
		AC9DEA9D226779B900A854E7 /* MenuViewController.xib */ = {isa = PBXFileReference; lastKnownFileType = file.xib; path = MenuViewController.xib; sourceTree = "<group>"; };
		AC9DEAA2226779E700A854E7 /* HomeViewController.swift */ = {isa = PBXFileReference; lastKnownFileType = sourcecode.swift; path = HomeViewController.swift; sourceTree = "<group>"; };
		AC9DEAA3226779E700A854E7 /* HomeViewController.xib */ = {isa = PBXFileReference; lastKnownFileType = file.xib; path = HomeViewController.xib; sourceTree = "<group>"; };
		AC9DEAA722677A0200A854E7 /* ContainerViewController.swift */ = {isa = PBXFileReference; lastKnownFileType = sourcecode.swift; path = ContainerViewController.swift; sourceTree = "<group>"; };
/* End PBXFileReference section */

/* Begin PBXFrameworksBuildPhase section */
		AC9DEA84226774A600A854E7 /* Frameworks */ = {
			isa = PBXFrameworksBuildPhase;
			buildActionMask = 2147483647;
			files = (
			);
			runOnlyForDeploymentPostprocessing = 0;
		};
/* End PBXFrameworksBuildPhase section */

/* Begin PBXGroup section */
		AC9BA5B4226F5E5100E61EEA /* Resorces */ = {
			isa = PBXGroup;
			children = (
				AC9BA5B5226F5E6A00E61EEA /* ImsaData.json */,
			);
			path = Resorces;
			sourceTree = "<group>";
		};
		AC9BA5B9226F5EBC00E61EEA /* Common  */ = {
			isa = PBXGroup;
			children = (
				AC9BA5BA226F5ECC00E61EEA /* EventsModel.swift */,
			);
			path = "Common ";
			sourceTree = "<group>";
		};
		AC9DEA7E226774A600A854E7 = {
			isa = PBXGroup;
			children = (
				AC9DEA89226774A600A854E7 /* menuChallengeWithNibs */,
				AC9DEA88226774A600A854E7 /* Products */,
			);
			sourceTree = "<group>";
		};
		AC9DEA88226774A600A854E7 /* Products */ = {
			isa = PBXGroup;
			children = (
				AC9DEA87226774A600A854E7 /* menuChallengeWithNibs.app */,
			);
			name = Products;
			sourceTree = "<group>";
		};
		AC9DEA89226774A600A854E7 /* menuChallengeWithNibs */ = {
			isa = PBXGroup;
			children = (
				AC9BA5B9226F5EBC00E61EEA /* Common  */,
				AC9BA5B4226F5E5100E61EEA /* Resorces */,
				AC9DEAA6226779EE00A854E7 /* Container */,
				AC9DEAA1226779D500A854E7 /* Home */,
				AC9DEAA0226779CA00A854E7 /* Menu */,
				AC9DEAA922677A1600A854E7 /* Supporting files */,
				AC9DEA96226774A700A854E7 /* Info.plist */,
			);
			path = menuChallengeWithNibs;
			sourceTree = "<group>";
		};
		AC9DEAA0226779CA00A854E7 /* Menu */ = {
			isa = PBXGroup;
			children = (
				AC9BA5AD226F595F00E61EEA /* MenuTableViewCell.swift */,
				AC9DEA9C226779B900A854E7 /* MenuViewController.swift */,
				AC9BA5BC226F75B400E61EEA /* MenuModel.swift */,
				AC9BA5AE226F595F00E61EEA /* MenuTableViewCell.xib */,
				AC9DEA9D226779B900A854E7 /* MenuViewController.xib */,
			);
			path = Menu;
			sourceTree = "<group>";
		};
		AC9DEAA1226779D500A854E7 /* Home */ = {
			isa = PBXGroup;
			children = (
				AC9BA5A6226F580600E61EEA /* HomeTableViewCell.swift */,
				AC9DEAA2226779E700A854E7 /* HomeViewController.swift */,
				AC9BA5B2226F5E3C00E61EEA /* HomeViewModel.swift */,
				AC9BA5B7226F5E9A00E61EEA /* RequestModel.swift */,
				AC9BA5A7226F580600E61EEA /* HomeTableViewCell.xib */,
				AC9DEAA3226779E700A854E7 /* HomeViewController.xib */,
			);
			path = Home;
			sourceTree = "<group>";
		};
		AC9DEAA6226779EE00A854E7 /* Container */ = {
			isa = PBXGroup;
			children = (
				AC9DEAA722677A0200A854E7 /* ContainerViewController.swift */,
			);
			path = Container;
			sourceTree = "<group>";
		};
		AC9DEAA922677A1600A854E7 /* Supporting files */ = {
			isa = PBXGroup;
			children = (
				AC9DEA8A226774A600A854E7 /* AppDelegate.swift */,
				AC9DEA91226774A700A854E7 /* Assets.xcassets */,
				AC9DEA93226774A700A854E7 /* LaunchScreen.storyboard */,
			);
			path = "Supporting files";
			sourceTree = "<group>";
		};
/* End PBXGroup section */

/* Begin PBXNativeTarget section */
		AC9DEA86226774A600A854E7 /* menuChallengeWithNibs */ = {
			isa = PBXNativeTarget;
			buildConfigurationList = AC9DEA99226774A700A854E7 /* Build configuration list for PBXNativeTarget "menuChallengeWithNibs" */;
			buildPhases = (
				AC9DEA83226774A600A854E7 /* Sources */,
				AC9DEA84226774A600A854E7 /* Frameworks */,
				AC9DEA85226774A600A854E7 /* Resources */,
			);
			buildRules = (
			);
			dependencies = (
			);
			name = menuChallengeWithNibs;
			productName = menuChallengeWithNibs;
			productReference = AC9DEA87226774A600A854E7 /* menuChallengeWithNibs.app */;
			productType = "com.apple.product-type.application";
		};
/* End PBXNativeTarget section */

/* Begin PBXProject section */
		AC9DEA7F226774A600A854E7 /* Project object */ = {
			isa = PBXProject;
			attributes = {
				LastSwiftUpdateCheck = 1020;
				LastUpgradeCheck = 1020;
				ORGANIZATIONNAME = "Carlos Mendieta";
				TargetAttributes = {
					AC9DEA86226774A600A854E7 = {
						CreatedOnToolsVersion = 10.2;
					};
				};
			};
			buildConfigurationList = AC9DEA82226774A600A854E7 /* Build configuration list for PBXProject "menuChallengeWithNibs" */;
			compatibilityVersion = "Xcode 9.3";
			developmentRegion = en;
			hasScannedForEncodings = 0;
			knownRegions = (
				en,
				Base,
			);
			mainGroup = AC9DEA7E226774A600A854E7;
			productRefGroup = AC9DEA88226774A600A854E7 /* Products */;
			projectDirPath = "";
			projectRoot = "";
			targets = (
				AC9DEA86226774A600A854E7 /* menuChallengeWithNibs */,
			);
		};
/* End PBXProject section */

/* Begin PBXResourcesBuildPhase section */
		AC9DEA85226774A600A854E7 /* Resources */ = {
			isa = PBXResourcesBuildPhase;
			buildActionMask = 2147483647;
			files = (
				AC9BA5B0226F595F00E61EEA /* MenuTableViewCell.xib in Resources */,
				AC9DEA95226774A700A854E7 /* LaunchScreen.storyboard in Resources */,
				AC9DEA92226774A700A854E7 /* Assets.xcassets in Resources */,
				AC9DEAA5226779E700A854E7 /* HomeViewController.xib in Resources */,
				AC9BA5A9226F580600E61EEA /* HomeTableViewCell.xib in Resources */,
				AC9DEA9F226779B900A854E7 /* MenuViewController.xib in Resources */,
				AC9BA5B6226F5E6A00E61EEA /* ImsaData.json in Resources */,
			);
			runOnlyForDeploymentPostprocessing = 0;
		};
/* End PBXResourcesBuildPhase section */

/* Begin PBXSourcesBuildPhase section */
		AC9DEA83226774A600A854E7 /* Sources */ = {
			isa = PBXSourcesBuildPhase;
			buildActionMask = 2147483647;
			files = (
				AC9DEA9E226779B900A854E7 /* MenuViewController.swift in Sources */,
				AC9BA5A8226F580600E61EEA /* HomeTableViewCell.swift in Sources */,
				AC9BA5BD226F75B500E61EEA /* MenuModel.swift in Sources */,
				AC9BA5B3226F5E3C00E61EEA /* HomeViewModel.swift in Sources */,
				AC9BA5AF226F595F00E61EEA /* MenuTableViewCell.swift in Sources */,
				AC9BA5BB226F5ECC00E61EEA /* EventsModel.swift in Sources */,
				AC9DEAA822677A0200A854E7 /* ContainerViewController.swift in Sources */,
				AC9DEA8B226774A600A854E7 /* AppDelegate.swift in Sources */,
				AC9DEAA4226779E700A854E7 /* HomeViewController.swift in Sources */,
				AC9BA5B8226F5E9A00E61EEA /* RequestModel.swift in Sources */,
			);
			runOnlyForDeploymentPostprocessing = 0;
		};
/* End PBXSourcesBuildPhase section */

/* Begin PBXVariantGroup section */
		AC9DEA93226774A700A854E7 /* LaunchScreen.storyboard */ = {
			isa = PBXVariantGroup;
			children = (
				AC9DEA94226774A700A854E7 /* Base */,
			);
			name = LaunchScreen.storyboard;
			sourceTree = "<group>";
		};
/* End PBXVariantGroup section */

/* Begin XCBuildConfiguration section */
		AC9DEA97226774A700A854E7 /* Debug */ = {
			isa = XCBuildConfiguration;
			buildSettings = {
				ALWAYS_SEARCH_USER_PATHS = NO;
				CLANG_ANALYZER_NONNULL = YES;
				CLANG_ANALYZER_NUMBER_OBJECT_CONVERSION = YES_AGGRESSIVE;
				CLANG_CXX_LANGUAGE_STANDARD = "gnu++14";
				CLANG_CXX_LIBRARY = "libc++";
				CLANG_ENABLE_MODULES = YES;
				CLANG_ENABLE_OBJC_ARC = YES;
				CLANG_ENABLE_OBJC_WEAK = YES;
				CLANG_WARN_BLOCK_CAPTURE_AUTORELEASING = YES;
				CLANG_WARN_BOOL_CONVERSION = YES;
				CLANG_WARN_COMMA = YES;
				CLANG_WARN_CONSTANT_CONVERSION = YES;
				CLANG_WARN_DEPRECATED_OBJC_IMPLEMENTATIONS = YES;
				CLANG_WARN_DIRECT_OBJC_ISA_USAGE = YES_ERROR;
				CLANG_WARN_DOCUMENTATION_COMMENTS = YES;
				CLANG_WARN_EMPTY_BODY = YES;
				CLANG_WARN_ENUM_CONVERSION = YES;
				CLANG_WARN_INFINITE_RECURSION = YES;
				CLANG_WARN_INT_CONVERSION = YES;
				CLANG_WARN_NON_LITERAL_NULL_CONVERSION = YES;
				CLANG_WARN_OBJC_IMPLICIT_RETAIN_SELF = YES;
				CLANG_WARN_OBJC_LITERAL_CONVERSION = YES;
				CLANG_WARN_OBJC_ROOT_CLASS = YES_ERROR;
				CLANG_WARN_RANGE_LOOP_ANALYSIS = YES;
				CLANG_WARN_STRICT_PROTOTYPES = YES;
				CLANG_WARN_SUSPICIOUS_MOVE = YES;
				CLANG_WARN_UNGUARDED_AVAILABILITY = YES_AGGRESSIVE;
				CLANG_WARN_UNREACHABLE_CODE = YES;
				CLANG_WARN__DUPLICATE_METHOD_MATCH = YES;
				CODE_SIGN_IDENTITY = "iPhone Developer";
				COPY_PHASE_STRIP = NO;
				DEBUG_INFORMATION_FORMAT = dwarf;
				ENABLE_STRICT_OBJC_MSGSEND = YES;
				ENABLE_TESTABILITY = YES;
				GCC_C_LANGUAGE_STANDARD = gnu11;
				GCC_DYNAMIC_NO_PIC = NO;
				GCC_NO_COMMON_BLOCKS = YES;
				GCC_OPTIMIZATION_LEVEL = 0;
				GCC_PREPROCESSOR_DEFINITIONS = (
					"DEBUG=1",
					"$(inherited)",
				);
				GCC_WARN_64_TO_32_BIT_CONVERSION = YES;
				GCC_WARN_ABOUT_RETURN_TYPE = YES_ERROR;
				GCC_WARN_UNDECLARED_SELECTOR = YES;
				GCC_WARN_UNINITIALIZED_AUTOS = YES_AGGRESSIVE;
				GCC_WARN_UNUSED_FUNCTION = YES;
				GCC_WARN_UNUSED_VARIABLE = YES;
				IPHONEOS_DEPLOYMENT_TARGET = 12.2;
				MTL_ENABLE_DEBUG_INFO = INCLUDE_SOURCE;
				MTL_FAST_MATH = YES;
				ONLY_ACTIVE_ARCH = YES;
				SDKROOT = iphoneos;
				SWIFT_ACTIVE_COMPILATION_CONDITIONS = DEBUG;
				SWIFT_OPTIMIZATION_LEVEL = "-Onone";
			};
			name = Debug;
		};
		AC9DEA98226774A700A854E7 /* Release */ = {
			isa = XCBuildConfiguration;
			buildSettings = {
				ALWAYS_SEARCH_USER_PATHS = NO;
				CLANG_ANALYZER_NONNULL = YES;
				CLANG_ANALYZER_NUMBER_OBJECT_CONVERSION = YES_AGGRESSIVE;
				CLANG_CXX_LANGUAGE_STANDARD = "gnu++14";
				CLANG_CXX_LIBRARY = "libc++";
				CLANG_ENABLE_MODULES = YES;
				CLANG_ENABLE_OBJC_ARC = YES;
				CLANG_ENABLE_OBJC_WEAK = YES;
				CLANG_WARN_BLOCK_CAPTURE_AUTORELEASING = YES;
				CLANG_WARN_BOOL_CONVERSION = YES;
				CLANG_WARN_COMMA = YES;
				CLANG_WARN_CONSTANT_CONVERSION = YES;
				CLANG_WARN_DEPRECATED_OBJC_IMPLEMENTATIONS = YES;
				CLANG_WARN_DIRECT_OBJC_ISA_USAGE = YES_ERROR;
				CLANG_WARN_DOCUMENTATION_COMMENTS = YES;
				CLANG_WARN_EMPTY_BODY = YES;
				CLANG_WARN_ENUM_CONVERSION = YES;
				CLANG_WARN_INFINITE_RECURSION = YES;
				CLANG_WARN_INT_CONVERSION = YES;
				CLANG_WARN_NON_LITERAL_NULL_CONVERSION = YES;
				CLANG_WARN_OBJC_IMPLICIT_RETAIN_SELF = YES;
				CLANG_WARN_OBJC_LITERAL_CONVERSION = YES;
				CLANG_WARN_OBJC_ROOT_CLASS = YES_ERROR;
				CLANG_WARN_RANGE_LOOP_ANALYSIS = YES;
				CLANG_WARN_STRICT_PROTOTYPES = YES;
				CLANG_WARN_SUSPICIOUS_MOVE = YES;
				CLANG_WARN_UNGUARDED_AVAILABILITY = YES_AGGRESSIVE;
				CLANG_WARN_UNREACHABLE_CODE = YES;
				CLANG_WARN__DUPLICATE_METHOD_MATCH = YES;
				CODE_SIGN_IDENTITY = "iPhone Developer";
				COPY_PHASE_STRIP = NO;
				DEBUG_INFORMATION_FORMAT = "dwarf-with-dsym";
				ENABLE_NS_ASSERTIONS = NO;
				ENABLE_STRICT_OBJC_MSGSEND = YES;
				GCC_C_LANGUAGE_STANDARD = gnu11;
				GCC_NO_COMMON_BLOCKS = YES;
				GCC_WARN_64_TO_32_BIT_CONVERSION = YES;
				GCC_WARN_ABOUT_RETURN_TYPE = YES_ERROR;
				GCC_WARN_UNDECLARED_SELECTOR = YES;
				GCC_WARN_UNINITIALIZED_AUTOS = YES_AGGRESSIVE;
				GCC_WARN_UNUSED_FUNCTION = YES;
				GCC_WARN_UNUSED_VARIABLE = YES;
				IPHONEOS_DEPLOYMENT_TARGET = 12.2;
				MTL_ENABLE_DEBUG_INFO = NO;
				MTL_FAST_MATH = YES;
				SDKROOT = iphoneos;
				SWIFT_COMPILATION_MODE = wholemodule;
				SWIFT_OPTIMIZATION_LEVEL = "-O";
				VALIDATE_PRODUCT = YES;
			};
			name = Release;
		};
		AC9DEA9A226774A700A854E7 /* Debug */ = {
			isa = XCBuildConfiguration;
			buildSettings = {
				ASSETCATALOG_COMPILER_APPICON_NAME = AppIcon;
				CODE_SIGN_STYLE = Automatic;
				DEVELOPMENT_TEAM = D66H382JWL;
				INFOPLIST_FILE = menuChallengeWithNibs/Info.plist;
				LD_RUNPATH_SEARCH_PATHS = (
					"$(inherited)",
					"@executable_path/Frameworks",
				);
				PRODUCT_BUNDLE_IDENTIFIER = com.endava.andresMendieta.menuChallengeWithNibs;
				PRODUCT_NAME = "$(TARGET_NAME)";
				SWIFT_VERSION = 5.0;
				TARGETED_DEVICE_FAMILY = "1,2";
			};
			name = Debug;
		};
		AC9DEA9B226774A700A854E7 /* Release */ = {
			isa = XCBuildConfiguration;
			buildSettings = {
				ASSETCATALOG_COMPILER_APPICON_NAME = AppIcon;
				CODE_SIGN_STYLE = Automatic;
				DEVELOPMENT_TEAM = D66H382JWL;
				INFOPLIST_FILE = menuChallengeWithNibs/Info.plist;
				LD_RUNPATH_SEARCH_PATHS = (
					"$(inherited)",
					"@executable_path/Frameworks",
				);
				PRODUCT_BUNDLE_IDENTIFIER = com.endava.andresMendieta.menuChallengeWithNibs;
				PRODUCT_NAME = "$(TARGET_NAME)";
				SWIFT_VERSION = 5.0;
				TARGETED_DEVICE_FAMILY = "1,2";
			};
			name = Release;
		};
/* End XCBuildConfiguration section */

/* Begin XCConfigurationList section */
		AC9DEA82226774A600A854E7 /* Build configuration list for PBXProject "menuChallengeWithNibs" */ = {
			isa = XCConfigurationList;
			buildConfigurations = (
				AC9DEA97226774A700A854E7 /* Debug */,
				AC9DEA98226774A700A854E7 /* Release */,
			);
			defaultConfigurationIsVisible = 0;
			defaultConfigurationName = Release;
		};
		AC9DEA99226774A700A854E7 /* Build configuration list for PBXNativeTarget "menuChallengeWithNibs" */ = {
			isa = XCConfigurationList;
			buildConfigurations = (
				AC9DEA9A226774A700A854E7 /* Debug */,
				AC9DEA9B226774A700A854E7 /* Release */,
			);
			defaultConfigurationIsVisible = 0;
			defaultConfigurationName = Release;
		};
/* End XCConfigurationList section */
	};
	rootObject = AC9DEA7F226774A600A854E7 /* Project object */;
}
